// !$*UTF8*$!
{
	archiveVersion = 1;
	classes = {
	};
	objectVersion = 55;
	objects = {

/* Begin PBXBuildFile section */
		4F8638BD6AC55BB1FEE0B52E /* Pods_MilkyWay.framework in Frameworks */ = {isa = PBXBuildFile; fileRef = 6E200D8B0BBA97D78CBEFE70 /* Pods_MilkyWay.framework */; };
		BB114E2A28F5B101007093E6 /* AppDelegate.swift in Sources */ = {isa = PBXBuildFile; fileRef = BB114E2928F5B101007093E6 /* AppDelegate.swift */; };
		BB114E2C28F5B101007093E6 /* SceneDelegate.swift in Sources */ = {isa = PBXBuildFile; fileRef = BB114E2B28F5B101007093E6 /* SceneDelegate.swift */; };
		BB114E2E28F5B101007093E6 /* ViewController.swift in Sources */ = {isa = PBXBuildFile; fileRef = BB114E2D28F5B101007093E6 /* ViewController.swift */; };
		BB114E3128F5B101007093E6 /* Main.storyboard in Resources */ = {isa = PBXBuildFile; fileRef = BB114E2F28F5B101007093E6 /* Main.storyboard */; };
		BB114E3328F5B102007093E6 /* Assets.xcassets in Resources */ = {isa = PBXBuildFile; fileRef = BB114E3228F5B102007093E6 /* Assets.xcassets */; };
		BB114E3628F5B102007093E6 /* LaunchScreen.storyboard in Resources */ = {isa = PBXBuildFile; fileRef = BB114E3428F5B102007093E6 /* LaunchScreen.storyboard */; };
		BB114E3F28F5B27E007093E6 /* Product.swift in Sources */ = {isa = PBXBuildFile; fileRef = BB114E3E28F5B27E007093E6 /* Product.swift */; };
		BB114E4128F5B29C007093E6 /* OpenFoodFactsApi.swift in Sources */ = {isa = PBXBuildFile; fileRef = BB114E4028F5B29C007093E6 /* OpenFoodFactsApi.swift */; };
		BB114E4328F5B949007093E6 /* ProductViewController.swift in Sources */ = {isa = PBXBuildFile; fileRef = BB114E4228F5B949007093E6 /* ProductViewController.swift */; };
		BB114E4528F5BB10007093E6 /* ScanViewController.swift in Sources */ = {isa = PBXBuildFile; fileRef = BB114E4428F5BB10007093E6 /* ScanViewController.swift */; };
		BB114E4A28F5C163007093E6 /* Extensions.swift in Sources */ = {isa = PBXBuildFile; fileRef = BB114E4928F5C163007093E6 /* Extensions.swift */; };
/* End PBXBuildFile section */

/* Begin PBXFileReference section */
		212CC99A7725A39DDAF5CF36 /* Pods-MilkyWay.debug.xcconfig */ = {isa = PBXFileReference; includeInIndex = 1; lastKnownFileType = text.xcconfig; name = "Pods-MilkyWay.debug.xcconfig"; path = "Target Support Files/Pods-MilkyWay/Pods-MilkyWay.debug.xcconfig"; sourceTree = "<group>"; };
		6E200D8B0BBA97D78CBEFE70 /* Pods_MilkyWay.framework */ = {isa = PBXFileReference; explicitFileType = wrapper.framework; includeInIndex = 0; path = Pods_MilkyWay.framework; sourceTree = BUILT_PRODUCTS_DIR; };
		AC61D471CF1DC4C4B2C7A375 /* Pods-MilkyWay.release.xcconfig */ = {isa = PBXFileReference; includeInIndex = 1; lastKnownFileType = text.xcconfig; name = "Pods-MilkyWay.release.xcconfig"; path = "Target Support Files/Pods-MilkyWay/Pods-MilkyWay.release.xcconfig"; sourceTree = "<group>"; };
		BB114E2628F5B101007093E6 /* MilkyWay.app */ = {isa = PBXFileReference; explicitFileType = wrapper.application; includeInIndex = 0; path = MilkyWay.app; sourceTree = BUILT_PRODUCTS_DIR; };
		BB114E2928F5B101007093E6 /* AppDelegate.swift */ = {isa = PBXFileReference; lastKnownFileType = sourcecode.swift; path = AppDelegate.swift; sourceTree = "<group>"; };
		BB114E2B28F5B101007093E6 /* SceneDelegate.swift */ = {isa = PBXFileReference; lastKnownFileType = sourcecode.swift; path = SceneDelegate.swift; sourceTree = "<group>"; };
		BB114E2D28F5B101007093E6 /* ViewController.swift */ = {isa = PBXFileReference; lastKnownFileType = sourcecode.swift; path = ViewController.swift; sourceTree = "<group>"; };
		BB114E3028F5B101007093E6 /* Base */ = {isa = PBXFileReference; lastKnownFileType = file.storyboard; name = Base; path = Base.lproj/Main.storyboard; sourceTree = "<group>"; };
		BB114E3228F5B102007093E6 /* Assets.xcassets */ = {isa = PBXFileReference; lastKnownFileType = folder.assetcatalog; path = Assets.xcassets; sourceTree = "<group>"; };
		BB114E3528F5B102007093E6 /* Base */ = {isa = PBXFileReference; lastKnownFileType = file.storyboard; name = Base; path = Base.lproj/LaunchScreen.storyboard; sourceTree = "<group>"; };
		BB114E3728F5B102007093E6 /* Info.plist */ = {isa = PBXFileReference; lastKnownFileType = text.plist.xml; path = Info.plist; sourceTree = "<group>"; };
		BB114E3E28F5B27E007093E6 /* Product.swift */ = {isa = PBXFileReference; lastKnownFileType = sourcecode.swift; path = Product.swift; sourceTree = "<group>"; };
		BB114E4028F5B29C007093E6 /* OpenFoodFactsApi.swift */ = {isa = PBXFileReference; lastKnownFileType = sourcecode.swift; path = OpenFoodFactsApi.swift; sourceTree = "<group>"; };
		BB114E4228F5B949007093E6 /* ProductViewController.swift */ = {isa = PBXFileReference; lastKnownFileType = sourcecode.swift; path = ProductViewController.swift; sourceTree = "<group>"; };
		BB114E4428F5BB10007093E6 /* ScanViewController.swift */ = {isa = PBXFileReference; lastKnownFileType = sourcecode.swift; path = ScanViewController.swift; sourceTree = "<group>"; };
		BB114E4928F5C163007093E6 /* Extensions.swift */ = {isa = PBXFileReference; lastKnownFileType = sourcecode.swift; path = Extensions.swift; sourceTree = "<group>"; };
/* End PBXFileReference section */

/* Begin PBXFrameworksBuildPhase section */
		BB114E2328F5B101007093E6 /* Frameworks */ = {
			isa = PBXFrameworksBuildPhase;
			buildActionMask = 2147483647;
			files = (
				4F8638BD6AC55BB1FEE0B52E /* Pods_MilkyWay.framework in Frameworks */,
			);
			runOnlyForDeploymentPostprocessing = 0;
		};
/* End PBXFrameworksBuildPhase section */

/* Begin PBXGroup section */
		BB114E1D28F5B101007093E6 = {
			isa = PBXGroup;
			children = (
				BB114E2828F5B101007093E6 /* MilkyWay */,
				BB114E2728F5B101007093E6 /* Products */,
				E9164423B8F54C31396D78CB /* Pods */,
				C7E7D9C86AF0B1C5EB18A7AC /* Frameworks */,
			);
			sourceTree = "<group>";
		};
		BB114E2728F5B101007093E6 /* Products */ = {
			isa = PBXGroup;
			children = (
				BB114E2628F5B101007093E6 /* MilkyWay.app */,
			);
			name = Products;
			sourceTree = "<group>";
		};
		BB114E2828F5B101007093E6 /* MilkyWay */ = {
			isa = PBXGroup;
			children = (
				BB114E4728F5BB5A007093E6 /* Api */,
				BB114E4628F5BB4E007093E6 /* Controllers */,
				BB114E2928F5B101007093E6 /* AppDelegate.swift */,
				BB114E2B28F5B101007093E6 /* SceneDelegate.swift */,
				BB114E2F28F5B101007093E6 /* Main.storyboard */,
				BB114E3228F5B102007093E6 /* Assets.xcassets */,
				BB114E3428F5B102007093E6 /* LaunchScreen.storyboard */,
				BB114E3728F5B102007093E6 /* Info.plist */,
				BB114E4928F5C163007093E6 /* Extensions.swift */,
			);
			path = MilkyWay;
			sourceTree = "<group>";
		};
		BB114E4628F5BB4E007093E6 /* Controllers */ = {
			isa = PBXGroup;
			children = (
				BB114E2D28F5B101007093E6 /* ViewController.swift */,
				BB114E4228F5B949007093E6 /* ProductViewController.swift */,
				BB114E4428F5BB10007093E6 /* ScanViewController.swift */,
			);
			path = Controllers;
			sourceTree = "<group>";
		};
		BB114E4728F5BB5A007093E6 /* Api */ = {
			isa = PBXGroup;
			children = (
				BB114E4028F5B29C007093E6 /* OpenFoodFactsApi.swift */,
				BB114E3E28F5B27E007093E6 /* Product.swift */,
			);
			path = Api;
			sourceTree = "<group>";
		};
		C7E7D9C86AF0B1C5EB18A7AC /* Frameworks */ = {
			isa = PBXGroup;
			children = (
				6E200D8B0BBA97D78CBEFE70 /* Pods_MilkyWay.framework */,
			);
			name = Frameworks;
			sourceTree = "<group>";
		};
		E9164423B8F54C31396D78CB /* Pods */ = {
			isa = PBXGroup;
			children = (
				212CC99A7725A39DDAF5CF36 /* Pods-MilkyWay.debug.xcconfig */,
				AC61D471CF1DC4C4B2C7A375 /* Pods-MilkyWay.release.xcconfig */,
			);
			path = Pods;
			sourceTree = "<group>";
		};
/* End PBXGroup section */

/* Begin PBXNativeTarget section */
		BB114E2528F5B101007093E6 /* MilkyWay */ = {
			isa = PBXNativeTarget;
			buildConfigurationList = BB114E3A28F5B102007093E6 /* Build configuration list for PBXNativeTarget "MilkyWay" */;
			buildPhases = (
				51C5316F98678E06BEC5D7E3 /* [CP] Check Pods Manifest.lock */,
				BB114E2228F5B101007093E6 /* Sources */,
				BB114E2328F5B101007093E6 /* Frameworks */,
				BB114E2428F5B101007093E6 /* Resources */,
				2A651A074B2D41479FE10347 /* [CP] Embed Pods Frameworks */,
			);
			buildRules = (
			);
			dependencies = (
			);
			name = MilkyWay;
			productName = MilkyWay;
			productReference = BB114E2628F5B101007093E6 /* MilkyWay.app */;
			productType = "com.apple.product-type.application";
		};
/* End PBXNativeTarget section */

/* Begin PBXProject section */
		BB114E1E28F5B101007093E6 /* Project object */ = {
			isa = PBXProject;
			attributes = {
				BuildIndependentTargetsInParallel = 1;
				LastSwiftUpdateCheck = 1400;
				LastUpgradeCheck = 1400;
				TargetAttributes = {
					BB114E2528F5B101007093E6 = {
						CreatedOnToolsVersion = 14.0.1;
					};
				};
			};
			buildConfigurationList = BB114E2128F5B101007093E6 /* Build configuration list for PBXProject "MilkyWay" */;
			compatibilityVersion = "Xcode 13.0";
			developmentRegion = en;
			hasScannedForEncodings = 0;
			knownRegions = (
				en,
				Base,
			);
			mainGroup = BB114E1D28F5B101007093E6;
			productRefGroup = BB114E2728F5B101007093E6 /* Products */;
			projectDirPath = "";
			projectRoot = "";
			targets = (
				BB114E2528F5B101007093E6 /* MilkyWay */,
			);
		};
/* End PBXProject section */

/* Begin PBXResourcesBuildPhase section */
		BB114E2428F5B101007093E6 /* Resources */ = {
			isa = PBXResourcesBuildPhase;
			buildActionMask = 2147483647;
			files = (
				BB114E3628F5B102007093E6 /* LaunchScreen.storyboard in Resources */,
				BB114E3328F5B102007093E6 /* Assets.xcassets in Resources */,
				BB114E3128F5B101007093E6 /* Main.storyboard in Resources */,
			);
			runOnlyForDeploymentPostprocessing = 0;
		};
/* End PBXResourcesBuildPhase section */

/* Begin PBXShellScriptBuildPhase section */
		2A651A074B2D41479FE10347 /* [CP] Embed Pods Frameworks */ = {
			isa = PBXShellScriptBuildPhase;
			buildActionMask = 2147483647;
			files = (
			);
			inputFileListPaths = (
				"${PODS_ROOT}/Target Support Files/Pods-MilkyWay/Pods-MilkyWay-frameworks-${CONFIGURATION}-input-files.xcfilelist",
			);
			name = "[CP] Embed Pods Frameworks";
			outputFileListPaths = (
				"${PODS_ROOT}/Target Support Files/Pods-MilkyWay/Pods-MilkyWay-frameworks-${CONFIGURATION}-output-files.xcfilelist",
			);
			runOnlyForDeploymentPostprocessing = 0;
			shellPath = /bin/sh;
			shellScript = "\"${PODS_ROOT}/Target Support Files/Pods-MilkyWay/Pods-MilkyWay-frameworks.sh\"\n";
			showEnvVarsInLog = 0;
		};
		51C5316F98678E06BEC5D7E3 /* [CP] Check Pods Manifest.lock */ = {
			isa = PBXShellScriptBuildPhase;
			buildActionMask = 2147483647;
			files = (
			);
			inputFileListPaths = (
			);
			inputPaths = (
				"${PODS_PODFILE_DIR_PATH}/Podfile.lock",
				"${PODS_ROOT}/Manifest.lock",
			);
			name = "[CP] Check Pods Manifest.lock";
			outputFileListPaths = (
			);
			outputPaths = (
				"$(DERIVED_FILE_DIR)/Pods-MilkyWay-checkManifestLockResult.txt",
			);
			runOnlyForDeploymentPostprocessing = 0;
			shellPath = /bin/sh;
			shellScript = "diff \"${PODS_PODFILE_DIR_PATH}/Podfile.lock\" \"${PODS_ROOT}/Manifest.lock\" > /dev/null\nif [ $? != 0 ] ; then\n    # print error to STDERR\n    echo \"error: The sandbox is not in sync with the Podfile.lock. Run 'pod install' or update your CocoaPods installation.\" >&2\n    exit 1\nfi\n# This output is used by Xcode 'outputs' to avoid re-running this script phase.\necho \"SUCCESS\" > \"${SCRIPT_OUTPUT_FILE_0}\"\n";
			showEnvVarsInLog = 0;
		};
/* End PBXShellScriptBuildPhase section */

/* Begin PBXSourcesBuildPhase section */
		BB114E2228F5B101007093E6 /* Sources */ = {
			isa = PBXSourcesBuildPhase;
			buildActionMask = 2147483647;
			files = (
				BB114E4328F5B949007093E6 /* ProductViewController.swift in Sources */,
				BB114E4528F5BB10007093E6 /* ScanViewController.swift in Sources */,
				BB114E2E28F5B101007093E6 /* ViewController.swift in Sources */,
				BB114E4A28F5C163007093E6 /* Extensions.swift in Sources */,
				BB114E4128F5B29C007093E6 /* OpenFoodFactsApi.swift in Sources */,
				BB114E3F28F5B27E007093E6 /* Product.swift in Sources */,
				BB114E2A28F5B101007093E6 /* AppDelegate.swift in Sources */,
				BB114E2C28F5B101007093E6 /* SceneDelegate.swift in Sources */,
			);
			runOnlyForDeploymentPostprocessing = 0;
		};
/* End PBXSourcesBuildPhase section */

/* Begin PBXVariantGroup section */
		BB114E2F28F5B101007093E6 /* Main.storyboard */ = {
			isa = PBXVariantGroup;
			children = (
				BB114E3028F5B101007093E6 /* Base */,
			);
			name = Main.storyboard;
			sourceTree = "<group>";
		};
		BB114E3428F5B102007093E6 /* LaunchScreen.storyboard */ = {
			isa = PBXVariantGroup;
			children = (
				BB114E3528F5B102007093E6 /* Base */,
			);
			name = LaunchScreen.storyboard;
			sourceTree = "<group>";
		};
/* End PBXVariantGroup section */

/* Begin XCBuildConfiguration section */
		BB114E3828F5B102007093E6 /* Debug */ = {
			isa = XCBuildConfiguration;
			buildSettings = {
				ALWAYS_SEARCH_USER_PATHS = NO;
				CLANG_ANALYZER_NONNULL = YES;
				CLANG_ANALYZER_NUMBER_OBJECT_CONVERSION = YES_AGGRESSIVE;
				CLANG_CXX_LANGUAGE_STANDARD = "gnu++20";
				CLANG_ENABLE_MODULES = YES;
				CLANG_ENABLE_OBJC_ARC = YES;
				CLANG_ENABLE_OBJC_WEAK = YES;
				CLANG_WARN_BLOCK_CAPTURE_AUTORELEASING = YES;
				CLANG_WARN_BOOL_CONVERSION = YES;
				CLANG_WARN_COMMA = YES;
				CLANG_WARN_CONSTANT_CONVERSION = YES;
				CLANG_WARN_DEPRECATED_OBJC_IMPLEMENTATIONS = YES;
				CLANG_WARN_DIRECT_OBJC_ISA_USAGE = YES_ERROR;
				CLANG_WARN_DOCUMENTATION_COMMENTS = YES;
				CLANG_WARN_EMPTY_BODY = YES;
				CLANG_WARN_ENUM_CONVERSION = YES;
				CLANG_WARN_INFINITE_RECURSION = YES;
				CLANG_WARN_INT_CONVERSION = YES;
				CLANG_WARN_NON_LITERAL_NULL_CONVERSION = YES;
				CLANG_WARN_OBJC_IMPLICIT_RETAIN_SELF = YES;
				CLANG_WARN_OBJC_LITERAL_CONVERSION = YES;
				CLANG_WARN_OBJC_ROOT_CLASS = YES_ERROR;
				CLANG_WARN_QUOTED_INCLUDE_IN_FRAMEWORK_HEADER = YES;
				CLANG_WARN_RANGE_LOOP_ANALYSIS = YES;
				CLANG_WARN_STRICT_PROTOTYPES = YES;
				CLANG_WARN_SUSPICIOUS_MOVE = YES;
				CLANG_WARN_UNGUARDED_AVAILABILITY = YES_AGGRESSIVE;
				CLANG_WARN_UNREACHABLE_CODE = YES;
				CLANG_WARN__DUPLICATE_METHOD_MATCH = YES;
				COPY_PHASE_STRIP = NO;
				DEBUG_INFORMATION_FORMAT = dwarf;
				ENABLE_STRICT_OBJC_MSGSEND = YES;
				ENABLE_TESTABILITY = YES;
				GCC_C_LANGUAGE_STANDARD = gnu11;
				GCC_DYNAMIC_NO_PIC = NO;
				GCC_NO_COMMON_BLOCKS = YES;
				GCC_OPTIMIZATION_LEVEL = 0;
				GCC_PREPROCESSOR_DEFINITIONS = (
					"DEBUG=1",
					"$(inherited)",
				);
				GCC_WARN_64_TO_32_BIT_CONVERSION = YES;
				GCC_WARN_ABOUT_RETURN_TYPE = YES_ERROR;
				GCC_WARN_UNDECLARED_SELECTOR = YES;
				GCC_WARN_UNINITIALIZED_AUTOS = YES_AGGRESSIVE;
				GCC_WARN_UNUSED_FUNCTION = YES;
				GCC_WARN_UNUSED_VARIABLE = YES;
				IPHONEOS_DEPLOYMENT_TARGET = 16.0;
				MTL_ENABLE_DEBUG_INFO = INCLUDE_SOURCE;
				MTL_FAST_MATH = YES;
				ONLY_ACTIVE_ARCH = YES;
				SDKROOT = iphoneos;
				SWIFT_ACTIVE_COMPILATION_CONDITIONS = DEBUG;
				SWIFT_OPTIMIZATION_LEVEL = "-Onone";
			};
			name = Debug;
		};
		BB114E3928F5B102007093E6 /* Release */ = {
			isa = XCBuildConfiguration;
			buildSettings = {
				ALWAYS_SEARCH_USER_PATHS = NO;
				CLANG_ANALYZER_NONNULL = YES;
				CLANG_ANALYZER_NUMBER_OBJECT_CONVERSION = YES_AGGRESSIVE;
				CLANG_CXX_LANGUAGE_STANDARD = "gnu++20";
				CLANG_ENABLE_MODULES = YES;
				CLANG_ENABLE_OBJC_ARC = YES;
				CLANG_ENABLE_OBJC_WEAK = YES;
				CLANG_WARN_BLOCK_CAPTURE_AUTORELEASING = YES;
				CLANG_WARN_BOOL_CONVERSION = YES;
				CLANG_WARN_COMMA = YES;
				CLANG_WARN_CONSTANT_CONVERSION = YES;
				CLANG_WARN_DEPRECATED_OBJC_IMPLEMENTATIONS = YES;
				CLANG_WARN_DIRECT_OBJC_ISA_USAGE = YES_ERROR;
				CLANG_WARN_DOCUMENTATION_COMMENTS = YES;
				CLANG_WARN_EMPTY_BODY = YES;
				CLANG_WARN_ENUM_CONVERSION = YES;
				CLANG_WARN_INFINITE_RECURSION = YES;
				CLANG_WARN_INT_CONVERSION = YES;
				CLANG_WARN_NON_LITERAL_NULL_CONVERSION = YES;
				CLANG_WARN_OBJC_IMPLICIT_RETAIN_SELF = YES;
				CLANG_WARN_OBJC_LITERAL_CONVERSION = YES;
				CLANG_WARN_OBJC_ROOT_CLASS = YES_ERROR;
				CLANG_WARN_QUOTED_INCLUDE_IN_FRAMEWORK_HEADER = YES;
				CLANG_WARN_RANGE_LOOP_ANALYSIS = YES;
				CLANG_WARN_STRICT_PROTOTYPES = YES;
				CLANG_WARN_SUSPICIOUS_MOVE = YES;
				CLANG_WARN_UNGUARDED_AVAILABILITY = YES_AGGRESSIVE;
				CLANG_WARN_UNREACHABLE_CODE = YES;
				CLANG_WARN__DUPLICATE_METHOD_MATCH = YES;
				COPY_PHASE_STRIP = NO;
				DEBUG_INFORMATION_FORMAT = "dwarf-with-dsym";
				ENABLE_NS_ASSERTIONS = NO;
				ENABLE_STRICT_OBJC_MSGSEND = YES;
				GCC_C_LANGUAGE_STANDARD = gnu11;
				GCC_NO_COMMON_BLOCKS = YES;
				GCC_WARN_64_TO_32_BIT_CONVERSION = YES;
				GCC_WARN_ABOUT_RETURN_TYPE = YES_ERROR;
				GCC_WARN_UNDECLARED_SELECTOR = YES;
				GCC_WARN_UNINITIALIZED_AUTOS = YES_AGGRESSIVE;
				GCC_WARN_UNUSED_FUNCTION = YES;
				GCC_WARN_UNUSED_VARIABLE = YES;
				IPHONEOS_DEPLOYMENT_TARGET = 16.0;
				MTL_ENABLE_DEBUG_INFO = NO;
				MTL_FAST_MATH = YES;
				SDKROOT = iphoneos;
				SWIFT_COMPILATION_MODE = wholemodule;
				SWIFT_OPTIMIZATION_LEVEL = "-O";
				VALIDATE_PRODUCT = YES;
			};
			name = Release;
		};
		BB114E3B28F5B102007093E6 /* Debug */ = {
			isa = XCBuildConfiguration;
			baseConfigurationReference = 212CC99A7725A39DDAF5CF36 /* Pods-MilkyWay.debug.xcconfig */;
			buildSettings = {
				ASSETCATALOG_COMPILER_APPICON_NAME = AppIcon;
				ASSETCATALOG_COMPILER_GLOBAL_ACCENT_COLOR_NAME = AccentColor;
				CODE_SIGN_STYLE = Automatic;
				CURRENT_PROJECT_VERSION = 1;
				DEVELOPMENT_TEAM = SV3ZXK4PZF;
				GENERATE_INFOPLIST_FILE = YES;
				INFOPLIST_FILE = MilkyWay/Info.plist;
				INFOPLIST_KEY_NSCameraUsageDescription = "Scan Aliments Barcodes";
				INFOPLIST_KEY_UIApplicationSupportsIndirectInputEvents = YES;
				INFOPLIST_KEY_UILaunchStoryboardName = LaunchScreen;
				INFOPLIST_KEY_UIMainStoryboardFile = Main;
				INFOPLIST_KEY_UISupportedInterfaceOrientations_iPad = "UIInterfaceOrientationPortrait UIInterfaceOrientationPortraitUpsideDown UIInterfaceOrientationLandscapeLeft UIInterfaceOrientationLandscapeRight";
				INFOPLIST_KEY_UISupportedInterfaceOrientations_iPhone = "UIInterfaceOrientationPortrait UIInterfaceOrientationLandscapeLeft UIInterfaceOrientationLandscapeRight";
				LD_RUNPATH_SEARCH_PATHS = (
					"$(inherited)",
					"@executable_path/Frameworks",
				);
				MARKETING_VERSION = 1.0;
				PRODUCT_BUNDLE_IDENTIFIER = io.codepassion.MilkyWay;
				PRODUCT_NAME = "$(TARGET_NAME)";
				SWIFT_EMIT_LOC_STRINGS = YES;
				SWIFT_VERSION = 5.0;
				TARGETED_DEVICE_FAMILY = "1,2";
			};
			name = Debug;
		};
		BB114E3C28F5B102007093E6 /* Release */ = {
			isa = XCBuildConfiguration;
			baseConfigurationReference = AC61D471CF1DC4C4B2C7A375 /* Pods-MilkyWay.release.xcconfig */;
			buildSettings = {
				ASSETCATALOG_COMPILER_APPICON_NAME = AppIcon;
				ASSETCATALOG_COMPILER_GLOBAL_ACCENT_COLOR_NAME = AccentColor;
				CODE_SIGN_STYLE = Automatic;
				CURRENT_PROJECT_VERSION = 1;
				DEVELOPMENT_TEAM = SV3ZXK4PZF;
				GENERATE_INFOPLIST_FILE = YES;
				INFOPLIST_FILE = MilkyWay/Info.plist;
				INFOPLIST_KEY_NSCameraUsageDescription = "Scan Aliments Barcodes";
				INFOPLIST_KEY_UIApplicationSupportsIndirectInputEvents = YES;
				INFOPLIST_KEY_UILaunchStoryboardName = LaunchScreen;
				INFOPLIST_KEY_UIMainStoryboardFile = Main;
				INFOPLIST_KEY_UISupportedInterfaceOrientations_iPad = "UIInterfaceOrientationPortrait UIInterfaceOrientationPortraitUpsideDown UIInterfaceOrientationLandscapeLeft UIInterfaceOrientationLandscapeRight";
				INFOPLIST_KEY_UISupportedInterfaceOrientations_iPhone = "UIInterfaceOrientationPortrait UIInterfaceOrientationLandscapeLeft UIInterfaceOrientationLandscapeRight";
				LD_RUNPATH_SEARCH_PATHS = (
					"$(inherited)",
					"@executable_path/Frameworks",
				);
				MARKETING_VERSION = 1.0;
				PRODUCT_BUNDLE_IDENTIFIER = io.codepassion.MilkyWay;
				PRODUCT_NAME = "$(TARGET_NAME)";
				SWIFT_EMIT_LOC_STRINGS = YES;
				SWIFT_VERSION = 5.0;
				TARGETED_DEVICE_FAMILY = "1,2";
			};
			name = Release;
		};
/* End XCBuildConfiguration section */

/* Begin XCConfigurationList section */
		BB114E2128F5B101007093E6 /* Build configuration list for PBXProject "MilkyWay" */ = {
			isa = XCConfigurationList;
			buildConfigurations = (
				BB114E3828F5B102007093E6 /* Debug */,
				BB114E3928F5B102007093E6 /* Release */,
			);
			defaultConfigurationIsVisible = 0;
			defaultConfigurationName = Release;
		};
		BB114E3A28F5B102007093E6 /* Build configuration list for PBXNativeTarget "MilkyWay" */ = {
			isa = XCConfigurationList;
			buildConfigurations = (
				BB114E3B28F5B102007093E6 /* Debug */,
				BB114E3C28F5B102007093E6 /* Release */,
			);
			defaultConfigurationIsVisible = 0;
			defaultConfigurationName = Release;
		};
/* End XCConfigurationList section */
	};
	rootObject = BB114E1E28F5B101007093E6 /* Project object */;
}
